
Microsoft Visual Studio Solution File, Format Version 12.00
# Visual Studio Version 17
VisualStudioVersion = 17.3.32922.545
MinimumVisualStudioVersion = 10.0.40219.1
Project("{FAE04EC0-301F-11D3-BF4B-00C04F79EFBC}") = "ContentFinder", "ContentFinder\ContentFinder.csproj", "{ACCF6B9C-626D-41A2-861F-2439E35EF028}"
EndProject
Global
	GlobalSection(SolutionConfigurationPlatforms) = preSolution
		Debug|Any CPU = Debug|Any CPU
		Release|Any CPU = Release|Any CPU
	EndGlobalSection
	GlobalSection(ProjectConfigurationPlatforms) = postSolution
		{ACCF6B9C-626D-41A2-861F-2439E35EF028}.Debug|Any CPU.ActiveCfg = Debug|Any CPU
		{ACCF6B9C-626D-41A2-861F-2439E35EF028}.Debug|Any CPU.Build.0 = Debug|Any CPU
		{ACCF6B9C-626D-41A2-861F-2439E35EF028}.Release|Any CPU.ActiveCfg = Release|Any CPU
		{ACCF6B9C-626D-41A2-861F-2439E35EF028}.Release|Any CPU.Build.0 = Release|Any CPU
	EndGlobalSection
	GlobalSection(SolutionProperties) = preSolution
		HideSolutionNode = FALSE
	EndGlobalSection
	GlobalSection(ExtensibilityGlobals) = postSolution
		SolutionGuid = {002B4369-77A3-4AA4-9078-797D31C10CB9}
	EndGlobalSection
EndGlobal
